
Microsoft Visual Studio Solution File, Format Version 12.00
# Visual Studio Version 17
VisualStudioVersion = 17.3.32929.385
MinimumVisualStudioVersion = 10.0.40219.1
Project("{FAE04EC0-301F-11D3-BF4B-00C04F79EFBC}") = "PhoneBookUpgraded", "PhoneBookUpgraded\PhoneBookUpgraded.csproj", "{820C493B-0B62-460E-A326-03DF22947BB4}"
EndProject
Global
	GlobalSection(SolutionConfigurationPlatforms) = preSolution
		Debug|Any CPU = Debug|Any CPU
		Release|Any CPU = Release|Any CPU
	EndGlobalSection
	GlobalSection(ProjectConfigurationPlatforms) = postSolution
		{820C493B-0B62-460E-A326-03DF22947BB4}.Debug|Any CPU.ActiveCfg = Debug|Any CPU
		{820C493B-0B62-460E-A326-03DF22947BB4}.Debug|Any CPU.Build.0 = Debug|Any CPU
		{820C493B-0B62-460E-A326-03DF22947BB4}.Release|Any CPU.ActiveCfg = Release|Any CPU
		{820C493B-0B62-460E-A326-03DF22947BB4}.Release|Any CPU.Build.0 = Release|Any CPU
	EndGlobalSection
	GlobalSection(SolutionProperties) = preSolution
		HideSolutionNode = FALSE
	EndGlobalSection
	GlobalSection(ExtensibilityGlobals) = postSolution
		SolutionGuid = {A25BEA32-7B0C-4013-AD0B-CC8068E40D61}
	EndGlobalSection
EndGlobal
